// !$*UTF8*$!
{
	archiveVersion = 1;
	classes = {
	};
	objectVersion = 55;
	objects = {

/* Begin PBXBuildFile section */
		2C75601A2844DAA00056AB23 /* shaderBaseApp.swift in Sources */ = {isa = PBXBuildFile; fileRef = 2C7560192844DAA00056AB23 /* shaderBaseApp.swift */; };
		2C75601C2844DAA00056AB23 /* ContentView.swift in Sources */ = {isa = PBXBuildFile; fileRef = 2C75601B2844DAA00056AB23 /* ContentView.swift */; };
		2C75601E2844DAA10056AB23 /* Assets.xcassets in Resources */ = {isa = PBXBuildFile; fileRef = 2C75601D2844DAA10056AB23 /* Assets.xcassets */; };
		2C7560212844DAA10056AB23 /* Preview Assets.xcassets in Resources */ = {isa = PBXBuildFile; fileRef = 2C7560202844DAA10056AB23 /* Preview Assets.xcassets */; };
		2C75602B2844DAFD0056AB23 /* Quad.swift in Sources */ = {isa = PBXBuildFile; fileRef = 2C75602A2844DAFD0056AB23 /* Quad.swift */; };
		2C75602D2844DB0D0056AB23 /* Utility.swift in Sources */ = {isa = PBXBuildFile; fileRef = 2C75602C2844DB0D0056AB23 /* Utility.swift */; };
		2C75602F2844DB120056AB23 /* VertexShader.metal in Sources */ = {isa = PBXBuildFile; fileRef = 2C75602E2844DB120056AB23 /* VertexShader.metal */; };
		2C7560312844DB160056AB23 /* Renderer.swift in Sources */ = {isa = PBXBuildFile; fileRef = 2C7560302844DB160056AB23 /* Renderer.swift */; };
		2C7560332844DB190056AB23 /* MetalView.swift in Sources */ = {isa = PBXBuildFile; fileRef = 2C7560322844DB190056AB23 /* MetalView.swift */; };
		2C756036284681CF0056AB23 /* CloudEffect.metal in Sources */ = {isa = PBXBuildFile; fileRef = 2C756035284681CF0056AB23 /* CloudEffect.metal */; };
		2C75603C284683860056AB23 /* FragmentShader.metal in Sources */ = {isa = PBXBuildFile; fileRef = 2C75603B284683860056AB23 /* FragmentShader.metal */; };
		2C75603E284688440056AB23 /* CommonLibraries.metal in Sources */ = {isa = PBXBuildFile; fileRef = 2C75603D284688440056AB23 /* CommonLibraries.metal */; };
		2C8650BE284F3808000E35CC /* MandelBrot.metal in Sources */ = {isa = PBXBuildFile; fileRef = 2C8650BD284F3808000E35CC /* MandelBrot.metal */; };
		2C8650DD284F62B8000E35CC /* CircleEffects.metal in Sources */ = {isa = PBXBuildFile; fileRef = 2C8650DC284F62B8000E35CC /* CircleEffects.metal */; };
		2C8650DF284F708E000E35CC /* VoronoiEffect.metal in Sources */ = {isa = PBXBuildFile; fileRef = 2C8650DE284F708E000E35CC /* VoronoiEffect.metal */; };
		2C8650E1284F79F5000E35CC /* TurchetEffects.metal in Sources */ = {isa = PBXBuildFile; fileRef = 2C8650E0284F79F5000E35CC /* TurchetEffects.metal */; };
/* End PBXBuildFile section */

/* Begin PBXFileReference section */
		2C7560162844DAA00056AB23 /* shaderBase.app */ = {isa = PBXFileReference; explicitFileType = wrapper.application; includeInIndex = 0; path = shaderBase.app; sourceTree = BUILT_PRODUCTS_DIR; };
		2C7560192844DAA00056AB23 /* shaderBaseApp.swift */ = {isa = PBXFileReference; lastKnownFileType = sourcecode.swift; path = shaderBaseApp.swift; sourceTree = "<group>"; };
		2C75601B2844DAA00056AB23 /* ContentView.swift */ = {isa = PBXFileReference; lastKnownFileType = sourcecode.swift; path = ContentView.swift; sourceTree = "<group>"; };
		2C75601D2844DAA10056AB23 /* Assets.xcassets */ = {isa = PBXFileReference; lastKnownFileType = folder.assetcatalog; path = Assets.xcassets; sourceTree = "<group>"; };
		2C7560202844DAA10056AB23 /* Preview Assets.xcassets */ = {isa = PBXFileReference; lastKnownFileType = folder.assetcatalog; path = "Preview Assets.xcassets"; sourceTree = "<group>"; };
		2C7560222844DAA10056AB23 /* shaderBase.entitlements */ = {isa = PBXFileReference; lastKnownFileType = text.plist.entitlements; path = shaderBase.entitlements; sourceTree = "<group>"; };
		2C75602A2844DAFD0056AB23 /* Quad.swift */ = {isa = PBXFileReference; lastKnownFileType = sourcecode.swift; path = Quad.swift; sourceTree = "<group>"; };
		2C75602C2844DB0D0056AB23 /* Utility.swift */ = {isa = PBXFileReference; lastKnownFileType = sourcecode.swift; path = Utility.swift; sourceTree = "<group>"; };
		2C75602E2844DB120056AB23 /* VertexShader.metal */ = {isa = PBXFileReference; lastKnownFileType = sourcecode.metal; path = VertexShader.metal; sourceTree = "<group>"; };
		2C7560302844DB160056AB23 /* Renderer.swift */ = {isa = PBXFileReference; lastKnownFileType = sourcecode.swift; path = Renderer.swift; sourceTree = "<group>"; };
		2C7560322844DB190056AB23 /* MetalView.swift */ = {isa = PBXFileReference; lastKnownFileType = sourcecode.swift; path = MetalView.swift; sourceTree = "<group>"; };
		2C7560342844DB1E0056AB23 /* Common.h */ = {isa = PBXFileReference; lastKnownFileType = sourcecode.c.h; path = Common.h; sourceTree = "<group>"; };
		2C756035284681CF0056AB23 /* CloudEffect.metal */ = {isa = PBXFileReference; lastKnownFileType = sourcecode.metal; path = CloudEffect.metal; sourceTree = "<group>"; };
		2C75603A284683060056AB23 /* ShaderDefinitions.h */ = {isa = PBXFileReference; lastKnownFileType = sourcecode.c.h; path = ShaderDefinitions.h; sourceTree = "<group>"; };
		2C75603B284683860056AB23 /* FragmentShader.metal */ = {isa = PBXFileReference; lastKnownFileType = sourcecode.metal; path = FragmentShader.metal; sourceTree = "<group>"; };
		2C75603D284688440056AB23 /* CommonLibraries.metal */ = {isa = PBXFileReference; lastKnownFileType = sourcecode.metal; path = CommonLibraries.metal; sourceTree = "<group>"; };
		2C75603F284689100056AB23 /* CommonLibraries.h */ = {isa = PBXFileReference; lastKnownFileType = sourcecode.c.h; path = CommonLibraries.h; sourceTree = "<group>"; };
		2C8650BD284F3808000E35CC /* MandelBrot.metal */ = {isa = PBXFileReference; lastKnownFileType = sourcecode.metal; path = MandelBrot.metal; sourceTree = "<group>"; };
		2C8650DC284F62B8000E35CC /* CircleEffects.metal */ = {isa = PBXFileReference; lastKnownFileType = sourcecode.metal; path = CircleEffects.metal; sourceTree = "<group>"; };
		2C8650DE284F708E000E35CC /* VoronoiEffect.metal */ = {isa = PBXFileReference; lastKnownFileType = sourcecode.metal; path = VoronoiEffect.metal; sourceTree = "<group>"; };
		2C8650E0284F79F5000E35CC /* TurchetEffects.metal */ = {isa = PBXFileReference; lastKnownFileType = sourcecode.metal; path = TurchetEffects.metal; sourceTree = "<group>"; };
/* End PBXFileReference section */

/* Begin PBXFrameworksBuildPhase section */
		2C7560132844DAA00056AB23 /* Frameworks */ = {
			isa = PBXFrameworksBuildPhase;
			buildActionMask = 2147483647;
			files = (
			);
			runOnlyForDeploymentPostprocessing = 0;
		};
/* End PBXFrameworksBuildPhase section */

/* Begin PBXGroup section */
		2C75600D2844DAA00056AB23 = {
			isa = PBXGroup;
			children = (
				2C7560182844DAA00056AB23 /* shaderBase */,
				2C7560172844DAA00056AB23 /* Products */,
			);
			sourceTree = "<group>";
		};
		2C7560172844DAA00056AB23 /* Products */ = {
			isa = PBXGroup;
			children = (
				2C7560162844DAA00056AB23 /* shaderBase.app */,
			);
			name = Products;
			sourceTree = "<group>";
		};
		2C7560182844DAA00056AB23 /* shaderBase */ = {
			isa = PBXGroup;
			children = (
				2C75601B2844DAA00056AB23 /* ContentView.swift */,
				2C7560192844DAA00056AB23 /* shaderBaseApp.swift */,
				2C7560302844DB160056AB23 /* Renderer.swift */,
				2C7560322844DB190056AB23 /* MetalView.swift */,
				2C75602A2844DAFD0056AB23 /* Quad.swift */,
				2C75602C2844DB0D0056AB23 /* Utility.swift */,
				2C75602E2844DB120056AB23 /* VertexShader.metal */,
				2C75603D284688440056AB23 /* CommonLibraries.metal */,
				2C75603B284683860056AB23 /* FragmentShader.metal */,
				2C756035284681CF0056AB23 /* CloudEffect.metal */,
				2C8650BD284F3808000E35CC /* MandelBrot.metal */,
				2C8650DC284F62B8000E35CC /* CircleEffects.metal */,
				2C8650DE284F708E000E35CC /* VoronoiEffect.metal */,
				2C8650E0284F79F5000E35CC /* TurchetEffects.metal */,
				2C75603F284689100056AB23 /* CommonLibraries.h */,
				2C75603A284683060056AB23 /* ShaderDefinitions.h */,
				2C7560342844DB1E0056AB23 /* Common.h */,
				2C75601D2844DAA10056AB23 /* Assets.xcassets */,
				2C7560222844DAA10056AB23 /* shaderBase.entitlements */,
				2C75601F2844DAA10056AB23 /* Preview Content */,
			);
			path = shaderBase;
			sourceTree = "<group>";
		};
		2C75601F2844DAA10056AB23 /* Preview Content */ = {
			isa = PBXGroup;
			children = (
				2C7560202844DAA10056AB23 /* Preview Assets.xcassets */,
			);
			path = "Preview Content";
			sourceTree = "<group>";
		};
/* End PBXGroup section */

/* Begin PBXNativeTarget section */
		2C7560152844DAA00056AB23 /* shaderBase */ = {
			isa = PBXNativeTarget;
			buildConfigurationList = 2C7560252844DAA10056AB23 /* Build configuration list for PBXNativeTarget "shaderBase" */;
			buildPhases = (
				2C7560122844DAA00056AB23 /* Sources */,
				2C7560132844DAA00056AB23 /* Frameworks */,
				2C7560142844DAA00056AB23 /* Resources */,
			);
			buildRules = (
			);
			dependencies = (
			);
			name = shaderBase;
			productName = shaderBase;
			productReference = 2C7560162844DAA00056AB23 /* shaderBase.app */;
			productType = "com.apple.product-type.application";
		};
/* End PBXNativeTarget section */

/* Begin PBXProject section */
		2C75600E2844DAA00056AB23 /* Project object */ = {
			isa = PBXProject;
			attributes = {
				BuildIndependentTargetsInParallel = 1;
				LastSwiftUpdateCheck = 1340;
				LastUpgradeCheck = 1340;
				TargetAttributes = {
					2C7560152844DAA00056AB23 = {
						CreatedOnToolsVersion = 13.4;
					};
				};
			};
			buildConfigurationList = 2C7560112844DAA00056AB23 /* Build configuration list for PBXProject "shaderBase" */;
			compatibilityVersion = "Xcode 13.0";
			developmentRegion = en;
			hasScannedForEncodings = 0;
			knownRegions = (
				en,
				Base,
			);
			mainGroup = 2C75600D2844DAA00056AB23;
			productRefGroup = 2C7560172844DAA00056AB23 /* Products */;
			projectDirPath = "";
			projectRoot = "";
			targets = (
				2C7560152844DAA00056AB23 /* shaderBase */,
			);
		};
/* End PBXProject section */

/* Begin PBXResourcesBuildPhase section */
		2C7560142844DAA00056AB23 /* Resources */ = {
			isa = PBXResourcesBuildPhase;
			buildActionMask = 2147483647;
			files = (
				2C7560212844DAA10056AB23 /* Preview Assets.xcassets in Resources */,
				2C75601E2844DAA10056AB23 /* Assets.xcassets in Resources */,
			);
			runOnlyForDeploymentPostprocessing = 0;
		};
/* End PBXResourcesBuildPhase section */

/* Begin PBXSourcesBuildPhase section */
		2C7560122844DAA00056AB23 /* Sources */ = {
			isa = PBXSourcesBuildPhase;
			buildActionMask = 2147483647;
			files = (
				2C8650DD284F62B8000E35CC /* CircleEffects.metal in Sources */,
				2C8650DF284F708E000E35CC /* VoronoiEffect.metal in Sources */,
				2C75602D2844DB0D0056AB23 /* Utility.swift in Sources */,
				2C7560332844DB190056AB23 /* MetalView.swift in Sources */,
				2C75602B2844DAFD0056AB23 /* Quad.swift in Sources */,
				2C75601C2844DAA00056AB23 /* ContentView.swift in Sources */,
				2C75603E284688440056AB23 /* CommonLibraries.metal in Sources */,
				2C75602F2844DB120056AB23 /* VertexShader.metal in Sources */,
				2C7560312844DB160056AB23 /* Renderer.swift in Sources */,
				2C8650BE284F3808000E35CC /* MandelBrot.metal in Sources */,
				2C756036284681CF0056AB23 /* CloudEffect.metal in Sources */,
				2C75601A2844DAA00056AB23 /* shaderBaseApp.swift in Sources */,
				2C8650E1284F79F5000E35CC /* TurchetEffects.metal in Sources */,
				2C75603C284683860056AB23 /* FragmentShader.metal in Sources */,
			);
			runOnlyForDeploymentPostprocessing = 0;
		};
/* End PBXSourcesBuildPhase section */

/* Begin XCBuildConfiguration section */
		2C7560232844DAA10056AB23 /* Debug */ = {
			isa = XCBuildConfiguration;
			buildSettings = {
				ALWAYS_SEARCH_USER_PATHS = NO;
				CLANG_ANALYZER_NONNULL = YES;
				CLANG_ANALYZER_NUMBER_OBJECT_CONVERSION = YES_AGGRESSIVE;
				CLANG_CXX_LANGUAGE_STANDARD = "gnu++17";
				CLANG_ENABLE_MODULES = YES;
				CLANG_ENABLE_OBJC_ARC = YES;
				CLANG_ENABLE_OBJC_WEAK = YES;
				CLANG_WARN_BLOCK_CAPTURE_AUTORELEASING = YES;
				CLANG_WARN_BOOL_CONVERSION = YES;
				CLANG_WARN_COMMA = YES;
				CLANG_WARN_CONSTANT_CONVERSION = YES;
				CLANG_WARN_DEPRECATED_OBJC_IMPLEMENTATIONS = YES;
				CLANG_WARN_DIRECT_OBJC_ISA_USAGE = YES_ERROR;
				CLANG_WARN_DOCUMENTATION_COMMENTS = YES;
				CLANG_WARN_EMPTY_BODY = YES;
				CLANG_WARN_ENUM_CONVERSION = YES;
				CLANG_WARN_INFINITE_RECURSION = YES;
				CLANG_WARN_INT_CONVERSION = YES;
				CLANG_WARN_NON_LITERAL_NULL_CONVERSION = YES;
				CLANG_WARN_OBJC_IMPLICIT_RETAIN_SELF = YES;
				CLANG_WARN_OBJC_LITERAL_CONVERSION = YES;
				CLANG_WARN_OBJC_ROOT_CLASS = YES_ERROR;
				CLANG_WARN_QUOTED_INCLUDE_IN_FRAMEWORK_HEADER = YES;
				CLANG_WARN_RANGE_LOOP_ANALYSIS = YES;
				CLANG_WARN_STRICT_PROTOTYPES = YES;
				CLANG_WARN_SUSPICIOUS_MOVE = YES;
				CLANG_WARN_UNGUARDED_AVAILABILITY = YES_AGGRESSIVE;
				CLANG_WARN_UNREACHABLE_CODE = YES;
				CLANG_WARN__DUPLICATE_METHOD_MATCH = YES;
				COPY_PHASE_STRIP = NO;
				DEBUG_INFORMATION_FORMAT = dwarf;
				ENABLE_STRICT_OBJC_MSGSEND = YES;
				ENABLE_TESTABILITY = YES;
				GCC_C_LANGUAGE_STANDARD = gnu11;
				GCC_DYNAMIC_NO_PIC = NO;
				GCC_NO_COMMON_BLOCKS = YES;
				GCC_OPTIMIZATION_LEVEL = 0;
				GCC_PREPROCESSOR_DEFINITIONS = (
					"DEBUG=1",
					"$(inherited)",
				);
				GCC_WARN_64_TO_32_BIT_CONVERSION = YES;
				GCC_WARN_ABOUT_RETURN_TYPE = YES_ERROR;
				GCC_WARN_UNDECLARED_SELECTOR = YES;
				GCC_WARN_UNINITIALIZED_AUTOS = YES_AGGRESSIVE;
				GCC_WARN_UNUSED_FUNCTION = YES;
				GCC_WARN_UNUSED_VARIABLE = YES;
				MACOSX_DEPLOYMENT_TARGET = 12.2;
				MTL_ENABLE_DEBUG_INFO = INCLUDE_SOURCE;
				MTL_FAST_MATH = YES;
				ONLY_ACTIVE_ARCH = YES;
				SDKROOT = macosx;
				SWIFT_ACTIVE_COMPILATION_CONDITIONS = DEBUG;
				SWIFT_OBJC_BRIDGING_HEADER = shaderBase/Common.h;
				SWIFT_OPTIMIZATION_LEVEL = "-Onone";
			};
			name = Debug;
		};
		2C7560242844DAA10056AB23 /* Release */ = {
			isa = XCBuildConfiguration;
			buildSettings = {
				ALWAYS_SEARCH_USER_PATHS = NO;
				CLANG_ANALYZER_NONNULL = YES;
				CLANG_ANALYZER_NUMBER_OBJECT_CONVERSION = YES_AGGRESSIVE;
				CLANG_CXX_LANGUAGE_STANDARD = "gnu++17";
				CLANG_ENABLE_MODULES = YES;
				CLANG_ENABLE_OBJC_ARC = YES;
				CLANG_ENABLE_OBJC_WEAK = YES;
				CLANG_WARN_BLOCK_CAPTURE_AUTORELEASING = YES;
				CLANG_WARN_BOOL_CONVERSION = YES;
				CLANG_WARN_COMMA = YES;
				CLANG_WARN_CONSTANT_CONVERSION = YES;
				CLANG_WARN_DEPRECATED_OBJC_IMPLEMENTATIONS = YES;
				CLANG_WARN_DIRECT_OBJC_ISA_USAGE = YES_ERROR;
				CLANG_WARN_DOCUMENTATION_COMMENTS = YES;
				CLANG_WARN_EMPTY_BODY = YES;
				CLANG_WARN_ENUM_CONVERSION = YES;
				CLANG_WARN_INFINITE_RECURSION = YES;
				CLANG_WARN_INT_CONVERSION = YES;
				CLANG_WARN_NON_LITERAL_NULL_CONVERSION = YES;
				CLANG_WARN_OBJC_IMPLICIT_RETAIN_SELF = YES;
				CLANG_WARN_OBJC_LITERAL_CONVERSION = YES;
				CLANG_WARN_OBJC_ROOT_CLASS = YES_ERROR;
				CLANG_WARN_QUOTED_INCLUDE_IN_FRAMEWORK_HEADER = YES;
				CLANG_WARN_RANGE_LOOP_ANALYSIS = YES;
				CLANG_WARN_STRICT_PROTOTYPES = YES;
				CLANG_WARN_SUSPICIOUS_MOVE = YES;
				CLANG_WARN_UNGUARDED_AVAILABILITY = YES_AGGRESSIVE;
				CLANG_WARN_UNREACHABLE_CODE = YES;
				CLANG_WARN__DUPLICATE_METHOD_MATCH = YES;
				COPY_PHASE_STRIP = NO;
				DEBUG_INFORMATION_FORMAT = "dwarf-with-dsym";
				ENABLE_NS_ASSERTIONS = NO;
				ENABLE_STRICT_OBJC_MSGSEND = YES;
				GCC_C_LANGUAGE_STANDARD = gnu11;
				GCC_NO_COMMON_BLOCKS = YES;
				GCC_WARN_64_TO_32_BIT_CONVERSION = YES;
				GCC_WARN_ABOUT_RETURN_TYPE = YES_ERROR;
				GCC_WARN_UNDECLARED_SELECTOR = YES;
				GCC_WARN_UNINITIALIZED_AUTOS = YES_AGGRESSIVE;
				GCC_WARN_UNUSED_FUNCTION = YES;
				GCC_WARN_UNUSED_VARIABLE = YES;
				MACOSX_DEPLOYMENT_TARGET = 12.2;
				MTL_ENABLE_DEBUG_INFO = NO;
				MTL_FAST_MATH = YES;
				SDKROOT = macosx;
				SWIFT_COMPILATION_MODE = wholemodule;
				SWIFT_OBJC_BRIDGING_HEADER = shaderBase/Common.h;
				SWIFT_OPTIMIZATION_LEVEL = "-O";
			};
			name = Release;
		};
		2C7560262844DAA10056AB23 /* Debug */ = {
			isa = XCBuildConfiguration;
			buildSettings = {
				ASSETCATALOG_COMPILER_APPICON_NAME = AppIcon;
				ASSETCATALOG_COMPILER_GLOBAL_ACCENT_COLOR_NAME = AccentColor;
				CODE_SIGN_ENTITLEMENTS = shaderBase/shaderBase.entitlements;
				CODE_SIGN_STYLE = Automatic;
				COMBINE_HIDPI_IMAGES = YES;
				CURRENT_PROJECT_VERSION = 1;
				DEVELOPMENT_ASSET_PATHS = "\"shaderBase/Preview Content\"";
				DEVELOPMENT_TEAM = 697GQY4NTA;
				ENABLE_HARDENED_RUNTIME = YES;
				ENABLE_PREVIEWS = YES;
				GENERATE_INFOPLIST_FILE = YES;
				INFOPLIST_KEY_NSHumanReadableCopyright = "";
				LD_RUNPATH_SEARCH_PATHS = (
					"$(inherited)",
					"@executable_path/../Frameworks",
				);
				MARKETING_VERSION = 1.0;
				PRODUCT_BUNDLE_IDENTIFIER = com.santman.shaderBase;
				PRODUCT_NAME = "$(TARGET_NAME)";
				SWIFT_EMIT_LOC_STRINGS = YES;
				SWIFT_VERSION = 5.0;
			};
			name = Debug;
		};
		2C7560272844DAA10056AB23 /* Release */ = {
			isa = XCBuildConfiguration;
			buildSettings = {
				ASSETCATALOG_COMPILER_APPICON_NAME = AppIcon;
				ASSETCATALOG_COMPILER_GLOBAL_ACCENT_COLOR_NAME = AccentColor;
				CODE_SIGN_ENTITLEMENTS = shaderBase/shaderBase.entitlements;
				CODE_SIGN_STYLE = Automatic;
				COMBINE_HIDPI_IMAGES = YES;
				CURRENT_PROJECT_VERSION = 1;
				DEVELOPMENT_ASSET_PATHS = "\"shaderBase/Preview Content\"";
				DEVELOPMENT_TEAM = 697GQY4NTA;
				ENABLE_HARDENED_RUNTIME = YES;
				ENABLE_PREVIEWS = YES;
				GENERATE_INFOPLIST_FILE = YES;
				INFOPLIST_KEY_NSHumanReadableCopyright = "";
				LD_RUNPATH_SEARCH_PATHS = (
					"$(inherited)",
					"@executable_path/../Frameworks",
				);
				MARKETING_VERSION = 1.0;
				PRODUCT_BUNDLE_IDENTIFIER = com.santman.shaderBase;
				PRODUCT_NAME = "$(TARGET_NAME)";
				SWIFT_EMIT_LOC_STRINGS = YES;
				SWIFT_VERSION = 5.0;
			};
			name = Release;
		};
/* End XCBuildConfiguration section */

/* Begin XCConfigurationList section */
		2C7560112844DAA00056AB23 /* Build configuration list for PBXProject "shaderBase" */ = {
			isa = XCConfigurationList;
			buildConfigurations = (
				2C7560232844DAA10056AB23 /* Debug */,
				2C7560242844DAA10056AB23 /* Release */,
			);
			defaultConfigurationIsVisible = 0;
			defaultConfigurationName = Release;
		};
		2C7560252844DAA10056AB23 /* Build configuration list for PBXNativeTarget "shaderBase" */ = {
			isa = XCConfigurationList;
			buildConfigurations = (
				2C7560262844DAA10056AB23 /* Debug */,
				2C7560272844DAA10056AB23 /* Release */,
			);
			defaultConfigurationIsVisible = 0;
			defaultConfigurationName = Release;
		};
/* End XCConfigurationList section */
	};
	rootObject = 2C75600E2844DAA00056AB23 /* Project object */;
}
